// !$*UTF8*$!
{
	archiveVersion = 1;
	classes = {
	};
	objectVersion = 46;
	objects = {

/* Begin PBXBuildFile section */
		670501EA1DC2CA080057DC00 /* SwipingCarousel.framework in Frameworks */ = {isa = PBXBuildFile; fileRef = 670501E91DC2CA080057DC00 /* SwipingCarousel.framework */; };
		67B016A71DC21CEC006EF53E /* AppDelegate.swift in Sources */ = {isa = PBXBuildFile; fileRef = 67B016A61DC21CEC006EF53E /* AppDelegate.swift */; };
		67B016A91DC21CEC006EF53E /* CardViewController.swift in Sources */ = {isa = PBXBuildFile; fileRef = 67B016A81DC21CEC006EF53E /* CardViewController.swift */; };
		67B016AC1DC21CEC006EF53E /* Main.storyboard in Resources */ = {isa = PBXBuildFile; fileRef = 67B016AA1DC21CEC006EF53E /* Main.storyboard */; };
		67B016AE1DC21CEC006EF53E /* Assets.xcassets in Resources */ = {isa = PBXBuildFile; fileRef = 67B016AD1DC21CEC006EF53E /* Assets.xcassets */; };
		67B016B11DC21CEC006EF53E /* LaunchScreen.storyboard in Resources */ = {isa = PBXBuildFile; fileRef = 67B016AF1DC21CEC006EF53E /* LaunchScreen.storyboard */; };
		67B016BC1DC21CEC006EF53E /* ExampleProjectTests.swift in Sources */ = {isa = PBXBuildFile; fileRef = 67B016BB1DC21CEC006EF53E /* ExampleProjectTests.swift */; };
		67B016CE1DC2434C006EF53E /* Card.swift in Sources */ = {isa = PBXBuildFile; fileRef = 67B016CD1DC2434C006EF53E /* Card.swift */; };
		67B016D31DC243FA006EF53E /* CardCollectionViewCell.swift in Sources */ = {isa = PBXBuildFile; fileRef = 67B016D11DC243FA006EF53E /* CardCollectionViewCell.swift */; };
		67B016D41DC243FA006EF53E /* CardCollectionViewCell.xib in Resources */ = {isa = PBXBuildFile; fileRef = 67B016D21DC243FA006EF53E /* CardCollectionViewCell.xib */; };
		67B016D61DC2440F006EF53E /* Extensions.swift in Sources */ = {isa = PBXBuildFile; fileRef = 67B016D51DC2440F006EF53E /* Extensions.swift */; };
		67B016D81DC24419006EF53E /* Cards.plist in Resources */ = {isa = PBXBuildFile; fileRef = 67B016D71DC24419006EF53E /* Cards.plist */; };
/* End PBXBuildFile section */

/* Begin PBXContainerItemProxy section */
		67B016B81DC21CEC006EF53E /* PBXContainerItemProxy */ = {
			isa = PBXContainerItemProxy;
			containerPortal = 67B0169B1DC21CEC006EF53E /* Project object */;
			proxyType = 1;
			remoteGlobalIDString = 67B016A21DC21CEC006EF53E;
			remoteInfo = ExampleProject;
		};
/* End PBXContainerItemProxy section */

/* Begin PBXFileReference section */
		670501E91DC2CA080057DC00 /* SwipingCarousel.framework */ = {isa = PBXFileReference; lastKnownFileType = wrapper.framework; name = SwipingCarousel.framework; path = Carthage/Build/iOS/SwipingCarousel.framework; sourceTree = "<group>"; };
		67B016A31DC21CEC006EF53E /* SwipingCards.app */ = {isa = PBXFileReference; explicitFileType = wrapper.application; includeInIndex = 0; path = SwipingCards.app; sourceTree = BUILT_PRODUCTS_DIR; };
		67B016A61DC21CEC006EF53E /* AppDelegate.swift */ = {isa = PBXFileReference; lastKnownFileType = sourcecode.swift; path = AppDelegate.swift; sourceTree = "<group>"; };
		67B016A81DC21CEC006EF53E /* CardViewController.swift */ = {isa = PBXFileReference; lastKnownFileType = sourcecode.swift; path = CardViewController.swift; sourceTree = "<group>"; };
		67B016AB1DC21CEC006EF53E /* Base */ = {isa = PBXFileReference; lastKnownFileType = file.storyboard; name = Base; path = Base.lproj/Main.storyboard; sourceTree = "<group>"; };
		67B016AD1DC21CEC006EF53E /* Assets.xcassets */ = {isa = PBXFileReference; lastKnownFileType = folder.assetcatalog; path = Assets.xcassets; sourceTree = "<group>"; };
		67B016B01DC21CEC006EF53E /* Base */ = {isa = PBXFileReference; lastKnownFileType = file.storyboard; name = Base; path = Base.lproj/LaunchScreen.storyboard; sourceTree = "<group>"; };
		67B016B21DC21CEC006EF53E /* Info.plist */ = {isa = PBXFileReference; lastKnownFileType = text.plist.xml; path = Info.plist; sourceTree = "<group>"; };
		67B016B71DC21CEC006EF53E /* SwipingCardsTests.xctest */ = {isa = PBXFileReference; explicitFileType = wrapper.cfbundle; includeInIndex = 0; path = SwipingCardsTests.xctest; sourceTree = BUILT_PRODUCTS_DIR; };
		67B016BB1DC21CEC006EF53E /* ExampleProjectTests.swift */ = {isa = PBXFileReference; lastKnownFileType = sourcecode.swift; path = ExampleProjectTests.swift; sourceTree = "<group>"; };
		67B016BD1DC21CEC006EF53E /* Info.plist */ = {isa = PBXFileReference; lastKnownFileType = text.plist.xml; path = Info.plist; sourceTree = "<group>"; };
		67B016CD1DC2434C006EF53E /* Card.swift */ = {isa = PBXFileReference; fileEncoding = 4; lastKnownFileType = sourcecode.swift; path = Card.swift; sourceTree = "<group>"; };
		67B016D11DC243FA006EF53E /* CardCollectionViewCell.swift */ = {isa = PBXFileReference; fileEncoding = 4; lastKnownFileType = sourcecode.swift; path = CardCollectionViewCell.swift; sourceTree = "<group>"; };
		67B016D21DC243FA006EF53E /* CardCollectionViewCell.xib */ = {isa = PBXFileReference; fileEncoding = 4; lastKnownFileType = file.xib; path = CardCollectionViewCell.xib; sourceTree = "<group>"; };
		67B016D51DC2440F006EF53E /* Extensions.swift */ = {isa = PBXFileReference; fileEncoding = 4; lastKnownFileType = sourcecode.swift; path = Extensions.swift; sourceTree = "<group>"; };
		67B016D71DC24419006EF53E /* Cards.plist */ = {isa = PBXFileReference; fileEncoding = 4; lastKnownFileType = text.plist.xml; path = Cards.plist; sourceTree = "<group>"; };
/* End PBXFileReference section */

/* Begin PBXFrameworksBuildPhase section */
		67B016A01DC21CEC006EF53E /* Frameworks */ = {
			isa = PBXFrameworksBuildPhase;
			buildActionMask = 2147483647;
			files = (
				670501EA1DC2CA080057DC00 /* SwipingCarousel.framework in Frameworks */,
			);
			runOnlyForDeploymentPostprocessing = 0;
		};
		67B016B41DC21CEC006EF53E /* Frameworks */ = {
			isa = PBXFrameworksBuildPhase;
			buildActionMask = 2147483647;
			files = (
			);
			runOnlyForDeploymentPostprocessing = 0;
		};
/* End PBXFrameworksBuildPhase section */

/* Begin PBXGroup section */
		67B0169A1DC21CEC006EF53E = {
			isa = PBXGroup;
			children = (
				67B016A51DC21CEC006EF53E /* SwipingCards */,
				67B016BA1DC21CEC006EF53E /* ExampleProjectTests */,
				67B016A41DC21CEC006EF53E /* Products */,
				67B016C61DC2420D006EF53E /* Frameworks */,
			);
			sourceTree = "<group>";
		};
		67B016A41DC21CEC006EF53E /* Products */ = {
			isa = PBXGroup;
			children = (
				67B016A31DC21CEC006EF53E /* SwipingCards.app */,
				67B016B71DC21CEC006EF53E /* SwipingCardsTests.xctest */,
			);
			name = Products;
			sourceTree = "<group>";
		};
		67B016A51DC21CEC006EF53E /* SwipingCards */ = {
			isa = PBXGroup;
			children = (
				67B016CA1DC24315006EF53E /* Model */,
				67B016CB1DC2431E006EF53E /* Views */,
				67B016CC1DC24335006EF53E /* Controllers */,
				67B016CF1DC2435C006EF53E /* Support Files */,
				67B016D01DC24372006EF53E /* Storyboards */,
			);
			name = SwipingCards;
			path = ExampleProject;
			sourceTree = "<group>";
		};
		67B016BA1DC21CEC006EF53E /* ExampleProjectTests */ = {
			isa = PBXGroup;
			children = (
				67B016BB1DC21CEC006EF53E /* ExampleProjectTests.swift */,
				67B016BD1DC21CEC006EF53E /* Info.plist */,
			);
			path = ExampleProjectTests;
			sourceTree = "<group>";
		};
		67B016C61DC2420D006EF53E /* Frameworks */ = {
			isa = PBXGroup;
			children = (
				670501E91DC2CA080057DC00 /* SwipingCarousel.framework */,
			);
			name = Frameworks;
			sourceTree = "<group>";
		};
		67B016CA1DC24315006EF53E /* Model */ = {
			isa = PBXGroup;
			children = (
				67B016CD1DC2434C006EF53E /* Card.swift */,
			);
			name = Model;
			sourceTree = "<group>";
		};
		67B016CB1DC2431E006EF53E /* Views */ = {
			isa = PBXGroup;
			children = (
				67B016D11DC243FA006EF53E /* CardCollectionViewCell.swift */,
				67B016D21DC243FA006EF53E /* CardCollectionViewCell.xib */,
			);
			name = Views;
			sourceTree = "<group>";
		};
		67B016CC1DC24335006EF53E /* Controllers */ = {
			isa = PBXGroup;
			children = (
				67B016A81DC21CEC006EF53E /* CardViewController.swift */,
			);
			name = Controllers;
			sourceTree = "<group>";
		};
		67B016CF1DC2435C006EF53E /* Support Files */ = {
			isa = PBXGroup;
			children = (
				67B016A61DC21CEC006EF53E /* AppDelegate.swift */,
				67B016D51DC2440F006EF53E /* Extensions.swift */,
				67B016D71DC24419006EF53E /* Cards.plist */,
				67B016AD1DC21CEC006EF53E /* Assets.xcassets */,
				67B016B21DC21CEC006EF53E /* Info.plist */,
			);
			name = "Support Files";
			sourceTree = "<group>";
		};
		67B016D01DC24372006EF53E /* Storyboards */ = {
			isa = PBXGroup;
			children = (
				67B016AA1DC21CEC006EF53E /* Main.storyboard */,
				67B016AF1DC21CEC006EF53E /* LaunchScreen.storyboard */,
			);
			name = Storyboards;
			sourceTree = "<group>";
		};
/* End PBXGroup section */

/* Begin PBXNativeTarget section */
		67B016A21DC21CEC006EF53E /* SwipingCards */ = {
			isa = PBXNativeTarget;
			buildConfigurationList = 67B016C01DC21CEC006EF53E /* Build configuration list for PBXNativeTarget "SwipingCards" */;
			buildPhases = (
				67B0169F1DC21CEC006EF53E /* Sources */,
				67B016A01DC21CEC006EF53E /* Frameworks */,
				67B016A11DC21CEC006EF53E /* Resources */,
				67B016C91DC2422E006EF53E /* ShellScript */,
			);
			buildRules = (
			);
			dependencies = (
			);
			name = SwipingCards;
			productName = ExampleProject;
			productReference = 67B016A31DC21CEC006EF53E /* SwipingCards.app */;
			productType = "com.apple.product-type.application";
		};
		67B016B61DC21CEC006EF53E /* SwipingCardsTests */ = {
			isa = PBXNativeTarget;
			buildConfigurationList = 67B016C31DC21CEC006EF53E /* Build configuration list for PBXNativeTarget "SwipingCardsTests" */;
			buildPhases = (
				67B016B31DC21CEC006EF53E /* Sources */,
				67B016B41DC21CEC006EF53E /* Frameworks */,
				67B016B51DC21CEC006EF53E /* Resources */,
			);
			buildRules = (
			);
			dependencies = (
				67B016B91DC21CEC006EF53E /* PBXTargetDependency */,
			);
			name = SwipingCardsTests;
			productName = ExampleProjectTests;
			productReference = 67B016B71DC21CEC006EF53E /* SwipingCardsTests.xctest */;
			productType = "com.apple.product-type.bundle.unit-test";
		};
/* End PBXNativeTarget section */

/* Begin PBXProject section */
		67B0169B1DC21CEC006EF53E /* Project object */ = {
			isa = PBXProject;
			attributes = {
				LastSwiftUpdateCheck = 0800;
				LastUpgradeCheck = 0810;
				ORGANIZATIONNAME = PPacie;
				TargetAttributes = {
					67B016A21DC21CEC006EF53E = {
						CreatedOnToolsVersion = 8.0;
						DevelopmentTeam = 534ZL84PZG;
						ProvisioningStyle = Automatic;
					};
					67B016B61DC21CEC006EF53E = {
						CreatedOnToolsVersion = 8.0;
						ProvisioningStyle = Automatic;
						TestTargetID = 67B016A21DC21CEC006EF53E;
					};
				};
			};
			buildConfigurationList = 67B0169E1DC21CEC006EF53E /* Build configuration list for PBXProject "SwipingCards" */;
			compatibilityVersion = "Xcode 3.2";
			developmentRegion = English;
			hasScannedForEncodings = 0;
			knownRegions = (
				en,
				Base,
			);
			mainGroup = 67B0169A1DC21CEC006EF53E;
			productRefGroup = 67B016A41DC21CEC006EF53E /* Products */;
			projectDirPath = "";
			projectRoot = "";
			targets = (
				67B016A21DC21CEC006EF53E /* SwipingCards */,
				67B016B61DC21CEC006EF53E /* SwipingCardsTests */,
			);
		};
/* End PBXProject section */

/* Begin PBXResourcesBuildPhase section */
		67B016A11DC21CEC006EF53E /* Resources */ = {
			isa = PBXResourcesBuildPhase;
			buildActionMask = 2147483647;
			files = (
				67B016D81DC24419006EF53E /* Cards.plist in Resources */,
				67B016D41DC243FA006EF53E /* CardCollectionViewCell.xib in Resources */,
				67B016B11DC21CEC006EF53E /* LaunchScreen.storyboard in Resources */,
				67B016AE1DC21CEC006EF53E /* Assets.xcassets in Resources */,
				67B016AC1DC21CEC006EF53E /* Main.storyboard in Resources */,
			);
			runOnlyForDeploymentPostprocessing = 0;
		};
		67B016B51DC21CEC006EF53E /* Resources */ = {
			isa = PBXResourcesBuildPhase;
			buildActionMask = 2147483647;
			files = (
			);
			runOnlyForDeploymentPostprocessing = 0;
		};
/* End PBXResourcesBuildPhase section */

/* Begin PBXShellScriptBuildPhase section */
		67B016C91DC2422E006EF53E /* ShellScript */ = {
			isa = PBXShellScriptBuildPhase;
			buildActionMask = 2147483647;
			files = (
			);
			inputPaths = (
				"$(SRCROOT)/Carthage/Build/iOS/SwipingCarousel.framework",
			);
			outputPaths = (
			);
			runOnlyForDeploymentPostprocessing = 0;
			shellPath = /bin/sh;
			shellScript = "/usr/local/bin/carthage copy-frameworks";
		};
/* End PBXShellScriptBuildPhase section */

/* Begin PBXSourcesBuildPhase section */
		67B0169F1DC21CEC006EF53E /* Sources */ = {
			isa = PBXSourcesBuildPhase;
			buildActionMask = 2147483647;
			files = (
				67B016D61DC2440F006EF53E /* Extensions.swift in Sources */,
				67B016D31DC243FA006EF53E /* CardCollectionViewCell.swift in Sources */,
				67B016A91DC21CEC006EF53E /* CardViewController.swift in Sources */,
				67B016CE1DC2434C006EF53E /* Card.swift in Sources */,
				67B016A71DC21CEC006EF53E /* AppDelegate.swift in Sources */,
			);
			runOnlyForDeploymentPostprocessing = 0;
		};
		67B016B31DC21CEC006EF53E /* Sources */ = {
			isa = PBXSourcesBuildPhase;
			buildActionMask = 2147483647;
			files = (
				67B016BC1DC21CEC006EF53E /* ExampleProjectTests.swift in Sources */,
			);
			runOnlyForDeploymentPostprocessing = 0;
		};
/* End PBXSourcesBuildPhase section */

/* Begin PBXTargetDependency section */
		67B016B91DC21CEC006EF53E /* PBXTargetDependency */ = {
			isa = PBXTargetDependency;
			target = 67B016A21DC21CEC006EF53E /* SwipingCards */;
			targetProxy = 67B016B81DC21CEC006EF53E /* PBXContainerItemProxy */;
		};
/* End PBXTargetDependency section */

/* Begin PBXVariantGroup section */
		67B016AA1DC21CEC006EF53E /* Main.storyboard */ = {
			isa = PBXVariantGroup;
			children = (
				67B016AB1DC21CEC006EF53E /* Base */,
			);
			name = Main.storyboard;
			sourceTree = "<group>";
		};
		67B016AF1DC21CEC006EF53E /* LaunchScreen.storyboard */ = {
			isa = PBXVariantGroup;
			children = (
				67B016B01DC21CEC006EF53E /* Base */,
			);
			name = LaunchScreen.storyboard;
			sourceTree = "<group>";
		};
/* End PBXVariantGroup section */

/* Begin XCBuildConfiguration section */
		67B016BE1DC21CEC006EF53E /* Debug */ = {
			isa = XCBuildConfiguration;
			buildSettings = {
				ALWAYS_SEARCH_USER_PATHS = NO;
				CLANG_ANALYZER_NONNULL = YES;
				CLANG_CXX_LANGUAGE_STANDARD = "gnu++0x";
				CLANG_CXX_LIBRARY = "libc++";
				CLANG_ENABLE_MODULES = YES;
				CLANG_ENABLE_OBJC_ARC = YES;
				CLANG_WARN_BOOL_CONVERSION = YES;
				CLANG_WARN_CONSTANT_CONVERSION = YES;
				CLANG_WARN_DIRECT_OBJC_ISA_USAGE = YES_ERROR;
				CLANG_WARN_DOCUMENTATION_COMMENTS = YES;
				CLANG_WARN_EMPTY_BODY = YES;
				CLANG_WARN_ENUM_CONVERSION = YES;
				CLANG_WARN_INFINITE_RECURSION = YES;
				CLANG_WARN_INT_CONVERSION = YES;
				CLANG_WARN_OBJC_ROOT_CLASS = YES_ERROR;
				CLANG_WARN_SUSPICIOUS_MOVE = YES;
				CLANG_WARN_SUSPICIOUS_MOVES = YES;
				CLANG_WARN_UNREACHABLE_CODE = YES;
				CLANG_WARN__DUPLICATE_METHOD_MATCH = YES;
				"CODE_SIGN_IDENTITY[sdk=iphoneos*]" = "iPhone Developer";
				COPY_PHASE_STRIP = NO;
				DEBUG_INFORMATION_FORMAT = dwarf;
				ENABLE_STRICT_OBJC_MSGSEND = YES;
				ENABLE_TESTABILITY = YES;
				GCC_C_LANGUAGE_STANDARD = gnu99;
				GCC_DYNAMIC_NO_PIC = NO;
				GCC_NO_COMMON_BLOCKS = YES;
				GCC_OPTIMIZATION_LEVEL = 0;
				GCC_PREPROCESSOR_DEFINITIONS = (
					"DEBUG=1",
					"$(inherited)",
				);
				GCC_WARN_64_TO_32_BIT_CONVERSION = YES;
				GCC_WARN_ABOUT_RETURN_TYPE = YES_ERROR;
				GCC_WARN_UNDECLARED_SELECTOR = YES;
				GCC_WARN_UNINITIALIZED_AUTOS = YES_AGGRESSIVE;
				GCC_WARN_UNUSED_FUNCTION = YES;
				GCC_WARN_UNUSED_VARIABLE = YES;
				IPHONEOS_DEPLOYMENT_TARGET = 8.4;
				MTL_ENABLE_DEBUG_INFO = YES;
				ONLY_ACTIVE_ARCH = YES;
				SDKROOT = iphoneos;
				SWIFT_ACTIVE_COMPILATION_CONDITIONS = DEBUG;
				SWIFT_OPTIMIZATION_LEVEL = "-Onone";
				TARGETED_DEVICE_FAMILY = "1,2";
			};
			name = Debug;
		};
		67B016BF1DC21CEC006EF53E /* Release */ = {
			isa = XCBuildConfiguration;
			buildSettings = {
				ALWAYS_SEARCH_USER_PATHS = NO;
				CLANG_ANALYZER_NONNULL = YES;
				CLANG_CXX_LANGUAGE_STANDARD = "gnu++0x";
				CLANG_CXX_LIBRARY = "libc++";
				CLANG_ENABLE_MODULES = YES;
				CLANG_ENABLE_OBJC_ARC = YES;
				CLANG_WARN_BOOL_CONVERSION = YES;
				CLANG_WARN_CONSTANT_CONVERSION = YES;
				CLANG_WARN_DIRECT_OBJC_ISA_USAGE = YES_ERROR;
				CLANG_WARN_DOCUMENTATION_COMMENTS = YES;
				CLANG_WARN_EMPTY_BODY = YES;
				CLANG_WARN_ENUM_CONVERSION = YES;
				CLANG_WARN_INFINITE_RECURSION = YES;
				CLANG_WARN_INT_CONVERSION = YES;
				CLANG_WARN_OBJC_ROOT_CLASS = YES_ERROR;
				CLANG_WARN_SUSPICIOUS_MOVE = YES;
				CLANG_WARN_SUSPICIOUS_MOVES = YES;
				CLANG_WARN_UNREACHABLE_CODE = YES;
				CLANG_WARN__DUPLICATE_METHOD_MATCH = YES;
				"CODE_SIGN_IDENTITY[sdk=iphoneos*]" = "iPhone Developer";
				COPY_PHASE_STRIP = NO;
				DEBUG_INFORMATION_FORMAT = "dwarf-with-dsym";
				ENABLE_NS_ASSERTIONS = NO;
				ENABLE_STRICT_OBJC_MSGSEND = YES;
				GCC_C_LANGUAGE_STANDARD = gnu99;
				GCC_NO_COMMON_BLOCKS = YES;
				GCC_WARN_64_TO_32_BIT_CONVERSION = YES;
				GCC_WARN_ABOUT_RETURN_TYPE = YES_ERROR;
				GCC_WARN_UNDECLARED_SELECTOR = YES;
				GCC_WARN_UNINITIALIZED_AUTOS = YES_AGGRESSIVE;
				GCC_WARN_UNUSED_FUNCTION = YES;
				GCC_WARN_UNUSED_VARIABLE = YES;
				IPHONEOS_DEPLOYMENT_TARGET = 8.4;
				MTL_ENABLE_DEBUG_INFO = NO;
				SDKROOT = iphoneos;
				SWIFT_OPTIMIZATION_LEVEL = "-Owholemodule";
				TARGETED_DEVICE_FAMILY = "1,2";
				VALIDATE_PRODUCT = YES;
			};
			name = Release;
		};
		67B016C11DC21CEC006EF53E /* Debug */ = {
			isa = XCBuildConfiguration;
			buildSettings = {
				ASSETCATALOG_COMPILER_APPICON_NAME = AppIcon;
				"CODE_SIGN_IDENTITY[sdk=iphoneos*]" = "iPhone Developer";
				DEVELOPMENT_TEAM = 534ZL84PZG;
				FRAMEWORK_SEARCH_PATHS = (
					"$(inherited)",
					"$(PROJECT_DIR)/Carthage/Build/iOS",
				);
				INFOPLIST_FILE = ExampleProject/Info.plist;
				LD_RUNPATH_SEARCH_PATHS = "$(inherited) @executable_path/Frameworks";
				PRODUCT_BUNDLE_IDENTIFIER = com.ppacie.ExampleProject;
				PRODUCT_NAME = "$(TARGET_NAME)";
				PROVISIONING_PROFILE = "";
				PROVISIONING_PROFILE_SPECIFIER = "";
				SWIFT_VERSION = 3.0;
			};
			name = Debug;
		};
		67B016C21DC21CEC006EF53E /* Release */ = {
			isa = XCBuildConfiguration;
			buildSettings = {
				ASSETCATALOG_COMPILER_APPICON_NAME = AppIcon;
				"CODE_SIGN_IDENTITY[sdk=iphoneos*]" = "iPhone Developer";
				DEVELOPMENT_TEAM = 534ZL84PZG;
				FRAMEWORK_SEARCH_PATHS = (
					"$(inherited)",
					"$(PROJECT_DIR)/Carthage/Build/iOS",
				);
				INFOPLIST_FILE = ExampleProject/Info.plist;
				LD_RUNPATH_SEARCH_PATHS = "$(inherited) @executable_path/Frameworks";
				PRODUCT_BUNDLE_IDENTIFIER = com.ppacie.ExampleProject;
				PRODUCT_NAME = "$(TARGET_NAME)";
				PROVISIONING_PROFILE = "";
				PROVISIONING_PROFILE_SPECIFIER = "";
				SWIFT_VERSION = 3.0;
			};
			name = Release;
		};
		67B016C41DC21CEC006EF53E /* Debug */ = {
			isa = XCBuildConfiguration;
			buildSettings = {
				ALWAYS_EMBED_SWIFT_STANDARD_LIBRARIES = YES;
				BUNDLE_LOADER = "$(TEST_HOST)";
				INFOPLIST_FILE = ExampleProjectTests/Info.plist;
				LD_RUNPATH_SEARCH_PATHS = "$(inherited) @executable_path/Frameworks @loader_path/Frameworks";
				PRODUCT_BUNDLE_IDENTIFIER = com.ppacie.ExampleProjectTests;
				PRODUCT_NAME = "$(TARGET_NAME)";
				SWIFT_VERSION = 3.0;
				TEST_HOST = "$(BUILT_PRODUCTS_DIR)/SwipingCards.app/SwipingCards";
			};
			name = Debug;
		};
		67B016C51DC21CEC006EF53E /* Release */ = {
			isa = XCBuildConfiguration;
			buildSettings = {
				ALWAYS_EMBED_SWIFT_STANDARD_LIBRARIES = YES;
				BUNDLE_LOADER = "$(TEST_HOST)";
				INFOPLIST_FILE = ExampleProjectTests/Info.plist;
				LD_RUNPATH_SEARCH_PATHS = "$(inherited) @executable_path/Frameworks @loader_path/Frameworks";
				PRODUCT_BUNDLE_IDENTIFIER = com.ppacie.ExampleProjectTests;
				PRODUCT_NAME = "$(TARGET_NAME)";
				SWIFT_VERSION = 3.0;
				TEST_HOST = "$(BUILT_PRODUCTS_DIR)/SwipingCards.app/SwipingCards";
			};
			name = Release;
		};
/* End XCBuildConfiguration section */

/* Begin XCConfigurationList section */
		67B0169E1DC21CEC006EF53E /* Build configuration list for PBXProject "SwipingCards" */ = {
			isa = XCConfigurationList;
			buildConfigurations = (
				67B016BE1DC21CEC006EF53E /* Debug */,
				67B016BF1DC21CEC006EF53E /* Release */,
			);
			defaultConfigurationIsVisible = 0;
			defaultConfigurationName = Release;
		};
		67B016C01DC21CEC006EF53E /* Build configuration list for PBXNativeTarget "SwipingCards" */ = {
			isa = XCConfigurationList;
			buildConfigurations = (
				67B016C11DC21CEC006EF53E /* Debug */,
				67B016C21DC21CEC006EF53E /* Release */,
			);
			defaultConfigurationIsVisible = 0;
			defaultConfigurationName = Release;
		};
		67B016C31DC21CEC006EF53E /* Build configuration list for PBXNativeTarget "SwipingCardsTests" */ = {
			isa = XCConfigurationList;
			buildConfigurations = (
				67B016C41DC21CEC006EF53E /* Debug */,
				67B016C51DC21CEC006EF53E /* Release */,
			);
			defaultConfigurationIsVisible = 0;
			defaultConfigurationName = Release;
		};
/* End XCConfigurationList section */
	};
	rootObject = 67B0169B1DC21CEC006EF53E /* Project object */;
}
