// !$*UTF8*$!
{
	archiveVersion = 1;
	classes = {
	};
	objectVersion = 46;
	objects = {

/* Begin PBXBuildFile section */
		6702087B1B868F5400F1E4EF /* CardsViewFlowLayout.swift in Sources */ = {isa = PBXBuildFile; fileRef = 6702087A1B868F5400F1E4EF /* CardsViewFlowLayout.swift */; };
		6742B92E1B8613230030424E /* AppDelegate.swift in Sources */ = {isa = PBXBuildFile; fileRef = 6742B92D1B8613230030424E /* AppDelegate.swift */; };
		6742B9331B8613230030424E /* Main.storyboard in Resources */ = {isa = PBXBuildFile; fileRef = 6742B9311B8613230030424E /* Main.storyboard */; };
		6742B9351B8613230030424E /* Images.xcassets in Resources */ = {isa = PBXBuildFile; fileRef = 6742B9341B8613230030424E /* Images.xcassets */; };
		6742B9381B8613230030424E /* LaunchScreen.xib in Resources */ = {isa = PBXBuildFile; fileRef = 6742B9361B8613230030424E /* LaunchScreen.xib */; };
		6742B9441B8613230030424E /* Swiping_CarouselTests.swift in Sources */ = {isa = PBXBuildFile; fileRef = 6742B9431B8613230030424E /* Swiping_CarouselTests.swift */; };
		6742B94E1B8613E50030424E /* SwipingCarouselCollectionViewController.swift in Sources */ = {isa = PBXBuildFile; fileRef = 6742B94D1B8613E50030424E /* SwipingCarouselCollectionViewController.swift */; };
		6742B9501B861A930030424E /* CardCollectionViewCell.swift in Sources */ = {isa = PBXBuildFile; fileRef = 6742B94F1B861A930030424E /* CardCollectionViewCell.swift */; };
		6745DB5B1B86C78100A12482 /* Card.swift in Sources */ = {isa = PBXBuildFile; fileRef = 6745DB5A1B86C78100A12482 /* Card.swift */; };
		674CF6E81B8BDE1000084EB0 /* Cards.plist in Resources */ = {isa = PBXBuildFile; fileRef = 674CF6E71B8BDE1000084EB0 /* Cards.plist */; };
		67F1DB0D1DC0F684009BCE5C /* Extensions.swift in Sources */ = {isa = PBXBuildFile; fileRef = 67F1DB0C1DC0F684009BCE5C /* Extensions.swift */; };
/* End PBXBuildFile section */

/* Begin PBXContainerItemProxy section */
		6742B93E1B8613230030424E /* PBXContainerItemProxy */ = {
			isa = PBXContainerItemProxy;
			containerPortal = 6742B9201B8613230030424E /* Project object */;
			proxyType = 1;
			remoteGlobalIDString = 6742B9271B8613230030424E;
			remoteInfo = "Swiping Carousel";
		};
/* End PBXContainerItemProxy section */

/* Begin PBXFileReference section */
		6702087A1B868F5400F1E4EF /* CardsViewFlowLayout.swift */ = {isa = PBXFileReference; fileEncoding = 4; lastKnownFileType = sourcecode.swift; path = CardsViewFlowLayout.swift; sourceTree = "<group>"; };
		6742B9281B8613230030424E /* Swiping Carousel.app */ = {isa = PBXFileReference; explicitFileType = wrapper.application; includeInIndex = 0; path = "Swiping Carousel.app"; sourceTree = BUILT_PRODUCTS_DIR; };
		6742B92C1B8613230030424E /* Info.plist */ = {isa = PBXFileReference; lastKnownFileType = text.plist.xml; path = Info.plist; sourceTree = "<group>"; };
		6742B92D1B8613230030424E /* AppDelegate.swift */ = {isa = PBXFileReference; lastKnownFileType = sourcecode.swift; path = AppDelegate.swift; sourceTree = "<group>"; };
		6742B9321B8613230030424E /* Base */ = {isa = PBXFileReference; lastKnownFileType = file.storyboard; name = Base; path = Base.lproj/Main.storyboard; sourceTree = "<group>"; };
		6742B9341B8613230030424E /* Images.xcassets */ = {isa = PBXFileReference; lastKnownFileType = folder.assetcatalog; path = Images.xcassets; sourceTree = "<group>"; };
		6742B9371B8613230030424E /* Base */ = {isa = PBXFileReference; lastKnownFileType = file.xib; name = Base; path = Base.lproj/LaunchScreen.xib; sourceTree = "<group>"; };
		6742B93D1B8613230030424E /* Swiping CarouselTests.xctest */ = {isa = PBXFileReference; explicitFileType = wrapper.cfbundle; includeInIndex = 0; path = "Swiping CarouselTests.xctest"; sourceTree = BUILT_PRODUCTS_DIR; };
		6742B9421B8613230030424E /* Info.plist */ = {isa = PBXFileReference; lastKnownFileType = text.plist.xml; path = Info.plist; sourceTree = "<group>"; };
		6742B9431B8613230030424E /* Swiping_CarouselTests.swift */ = {isa = PBXFileReference; lastKnownFileType = sourcecode.swift; path = Swiping_CarouselTests.swift; sourceTree = "<group>"; };
		6742B94D1B8613E50030424E /* SwipingCarouselCollectionViewController.swift */ = {isa = PBXFileReference; fileEncoding = 4; lastKnownFileType = sourcecode.swift; path = SwipingCarouselCollectionViewController.swift; sourceTree = "<group>"; };
		6742B94F1B861A930030424E /* CardCollectionViewCell.swift */ = {isa = PBXFileReference; fileEncoding = 4; lastKnownFileType = sourcecode.swift; path = CardCollectionViewCell.swift; sourceTree = "<group>"; };
		6745DB5A1B86C78100A12482 /* Card.swift */ = {isa = PBXFileReference; fileEncoding = 4; lastKnownFileType = sourcecode.swift; path = Card.swift; sourceTree = "<group>"; };
		674CF6E71B8BDE1000084EB0 /* Cards.plist */ = {isa = PBXFileReference; fileEncoding = 4; lastKnownFileType = text.plist.xml; path = Cards.plist; sourceTree = "<group>"; };
		67F1DB0C1DC0F684009BCE5C /* Extensions.swift */ = {isa = PBXFileReference; fileEncoding = 4; lastKnownFileType = sourcecode.swift; path = Extensions.swift; sourceTree = "<group>"; };
/* End PBXFileReference section */

/* Begin PBXFrameworksBuildPhase section */
		6742B9251B8613230030424E /* Frameworks */ = {
			isa = PBXFrameworksBuildPhase;
			buildActionMask = 2147483647;
			files = (
			);
			runOnlyForDeploymentPostprocessing = 0;
		};
		6742B93A1B8613230030424E /* Frameworks */ = {
			isa = PBXFrameworksBuildPhase;
			buildActionMask = 2147483647;
			files = (
			);
			runOnlyForDeploymentPostprocessing = 0;
		};
/* End PBXFrameworksBuildPhase section */

/* Begin PBXGroup section */
		670208791B868F0300F1E4EF /* Views */ = {
			isa = PBXGroup;
			children = (
				6742B94F1B861A930030424E /* CardCollectionViewCell.swift */,
			);
			name = Views;
			sourceTree = "<group>";
		};
		6702087C1B868FD600F1E4EF /* Controllers */ = {
			isa = PBXGroup;
			children = (
				6742B94D1B8613E50030424E /* SwipingCarouselCollectionViewController.swift */,
			);
			name = Controllers;
			sourceTree = "<group>";
		};
		6742B91F1B8613230030424E = {
			isa = PBXGroup;
			children = (
				6742B92A1B8613230030424E /* Swiping Carousel */,
				6742B9401B8613230030424E /* Swiping CarouselTests */,
				6742B9291B8613230030424E /* Products */,
			);
			sourceTree = "<group>";
		};
		6742B9291B8613230030424E /* Products */ = {
			isa = PBXGroup;
			children = (
				6742B9281B8613230030424E /* Swiping Carousel.app */,
				6742B93D1B8613230030424E /* Swiping CarouselTests.xctest */,
			);
			name = Products;
			sourceTree = "<group>";
		};
		6742B92A1B8613230030424E /* Swiping Carousel */ = {
			isa = PBXGroup;
			children = (
				6745DB591B86AD5D00A12482 /* Model */,
				670208791B868F0300F1E4EF /* Views */,
				6702087C1B868FD600F1E4EF /* Controllers */,
				674D1E1B1B8D7685004382D8 /* Layouts */,
				6742B92B1B8613230030424E /* Supporting Files */,
			);
			path = "Swiping Carousel";
			sourceTree = "<group>";
		};
		6742B92B1B8613230030424E /* Supporting Files */ = {
			isa = PBXGroup;
			children = (
				6742B92D1B8613230030424E /* AppDelegate.swift */,
				6742B9311B8613230030424E /* Main.storyboard */,
				6742B9361B8613230030424E /* LaunchScreen.xib */,
				6742B9341B8613230030424E /* Images.xcassets */,
				674CF6E71B8BDE1000084EB0 /* Cards.plist */,
				6742B92C1B8613230030424E /* Info.plist */,
				67F1DB0C1DC0F684009BCE5C /* Extensions.swift */,
			);
			name = "Supporting Files";
			sourceTree = "<group>";
		};
		6742B9401B8613230030424E /* Swiping CarouselTests */ = {
			isa = PBXGroup;
			children = (
				6742B9431B8613230030424E /* Swiping_CarouselTests.swift */,
				6742B9411B8613230030424E /* Supporting Files */,
			);
			path = "Swiping CarouselTests";
			sourceTree = "<group>";
		};
		6742B9411B8613230030424E /* Supporting Files */ = {
			isa = PBXGroup;
			children = (
				6742B9421B8613230030424E /* Info.plist */,
			);
			name = "Supporting Files";
			sourceTree = "<group>";
		};
		6745DB591B86AD5D00A12482 /* Model */ = {
			isa = PBXGroup;
			children = (
				6745DB5A1B86C78100A12482 /* Card.swift */,
			);
			name = Model;
			sourceTree = "<group>";
		};
		674D1E1B1B8D7685004382D8 /* Layouts */ = {
			isa = PBXGroup;
			children = (
				6702087A1B868F5400F1E4EF /* CardsViewFlowLayout.swift */,
			);
			name = Layouts;
			sourceTree = "<group>";
		};
/* End PBXGroup section */

/* Begin PBXNativeTarget section */
		6742B9271B8613230030424E /* Swiping Carousel */ = {
			isa = PBXNativeTarget;
			buildConfigurationList = 6742B9471B8613230030424E /* Build configuration list for PBXNativeTarget "Swiping Carousel" */;
			buildPhases = (
				6742B9241B8613230030424E /* Sources */,
				6742B9251B8613230030424E /* Frameworks */,
				6742B9261B8613230030424E /* Resources */,
			);
			buildRules = (
			);
			dependencies = (
			);
			name = "Swiping Carousel";
			productName = "Swiping Carousel";
			productReference = 6742B9281B8613230030424E /* Swiping Carousel.app */;
			productType = "com.apple.product-type.application";
		};
		6742B93C1B8613230030424E /* Swiping CarouselTests */ = {
			isa = PBXNativeTarget;
			buildConfigurationList = 6742B94A1B8613230030424E /* Build configuration list for PBXNativeTarget "Swiping CarouselTests" */;
			buildPhases = (
				6742B9391B8613230030424E /* Sources */,
				6742B93A1B8613230030424E /* Frameworks */,
				6742B93B1B8613230030424E /* Resources */,
			);
			buildRules = (
			);
			dependencies = (
				6742B93F1B8613230030424E /* PBXTargetDependency */,
			);
			name = "Swiping CarouselTests";
			productName = "Swiping CarouselTests";
			productReference = 6742B93D1B8613230030424E /* Swiping CarouselTests.xctest */;
			productType = "com.apple.product-type.bundle.unit-test";
		};
/* End PBXNativeTarget section */

/* Begin PBXProject section */
		6742B9201B8613230030424E /* Project object */ = {
			isa = PBXProject;
			attributes = {
				LastSwiftUpdateCheck = 0720;
				LastUpgradeCheck = 0720;
				ORGANIZATIONNAME = "Pablo Paciello";
				TargetAttributes = {
					6742B9271B8613230030424E = {
						CreatedOnToolsVersion = 6.4;
						LastSwiftMigration = 0800;
					};
					6742B93C1B8613230030424E = {
						CreatedOnToolsVersion = 6.4;
						LastSwiftMigration = 0800;
						TestTargetID = 6742B9271B8613230030424E;
					};
				};
			};
			buildConfigurationList = 6742B9231B8613230030424E /* Build configuration list for PBXProject "Swiping Carousel" */;
			compatibilityVersion = "Xcode 3.2";
			developmentRegion = English;
			hasScannedForEncodings = 0;
			knownRegions = (
				en,
				Base,
			);
			mainGroup = 6742B91F1B8613230030424E;
			productRefGroup = 6742B9291B8613230030424E /* Products */;
			projectDirPath = "";
			projectRoot = "";
			targets = (
				6742B9271B8613230030424E /* Swiping Carousel */,
				6742B93C1B8613230030424E /* Swiping CarouselTests */,
			);
		};
/* End PBXProject section */

/* Begin PBXResourcesBuildPhase section */
		6742B9261B8613230030424E /* Resources */ = {
			isa = PBXResourcesBuildPhase;
			buildActionMask = 2147483647;
			files = (
				6742B9331B8613230030424E /* Main.storyboard in Resources */,
				6742B9381B8613230030424E /* LaunchScreen.xib in Resources */,
				674CF6E81B8BDE1000084EB0 /* Cards.plist in Resources */,
				6742B9351B8613230030424E /* Images.xcassets in Resources */,
			);
			runOnlyForDeploymentPostprocessing = 0;
		};
		6742B93B1B8613230030424E /* Resources */ = {
			isa = PBXResourcesBuildPhase;
			buildActionMask = 2147483647;
			files = (
			);
			runOnlyForDeploymentPostprocessing = 0;
		};
/* End PBXResourcesBuildPhase section */

/* Begin PBXSourcesBuildPhase section */
		6742B9241B8613230030424E /* Sources */ = {
			isa = PBXSourcesBuildPhase;
			buildActionMask = 2147483647;
			files = (
				6742B94E1B8613E50030424E /* SwipingCarouselCollectionViewController.swift in Sources */,
				67F1DB0D1DC0F684009BCE5C /* Extensions.swift in Sources */,
				6742B9501B861A930030424E /* CardCollectionViewCell.swift in Sources */,
				6702087B1B868F5400F1E4EF /* CardsViewFlowLayout.swift in Sources */,
				6745DB5B1B86C78100A12482 /* Card.swift in Sources */,
				6742B92E1B8613230030424E /* AppDelegate.swift in Sources */,
			);
			runOnlyForDeploymentPostprocessing = 0;
		};
		6742B9391B8613230030424E /* Sources */ = {
			isa = PBXSourcesBuildPhase;
			buildActionMask = 2147483647;
			files = (
				6742B9441B8613230030424E /* Swiping_CarouselTests.swift in Sources */,
			);
			runOnlyForDeploymentPostprocessing = 0;
		};
/* End PBXSourcesBuildPhase section */

/* Begin PBXTargetDependency section */
		6742B93F1B8613230030424E /* PBXTargetDependency */ = {
			isa = PBXTargetDependency;
			target = 6742B9271B8613230030424E /* Swiping Carousel */;
			targetProxy = 6742B93E1B8613230030424E /* PBXContainerItemProxy */;
		};
/* End PBXTargetDependency section */

/* Begin PBXVariantGroup section */
		6742B9311B8613230030424E /* Main.storyboard */ = {
			isa = PBXVariantGroup;
			children = (
				6742B9321B8613230030424E /* Base */,
			);
			name = Main.storyboard;
			sourceTree = "<group>";
		};
		6742B9361B8613230030424E /* LaunchScreen.xib */ = {
			isa = PBXVariantGroup;
			children = (
				6742B9371B8613230030424E /* Base */,
			);
			name = LaunchScreen.xib;
			sourceTree = "<group>";
		};
/* End PBXVariantGroup section */

/* Begin XCBuildConfiguration section */
		6742B9451B8613230030424E /* Debug */ = {
			isa = XCBuildConfiguration;
			buildSettings = {
				ALWAYS_SEARCH_USER_PATHS = NO;
				CLANG_CXX_LANGUAGE_STANDARD = "gnu++0x";
				CLANG_CXX_LIBRARY = "libc++";
				CLANG_ENABLE_MODULES = YES;
				CLANG_ENABLE_OBJC_ARC = YES;
				CLANG_WARN_BOOL_CONVERSION = YES;
				CLANG_WARN_CONSTANT_CONVERSION = YES;
				CLANG_WARN_DIRECT_OBJC_ISA_USAGE = YES_ERROR;
				CLANG_WARN_EMPTY_BODY = YES;
				CLANG_WARN_ENUM_CONVERSION = YES;
				CLANG_WARN_INT_CONVERSION = YES;
				CLANG_WARN_OBJC_ROOT_CLASS = YES_ERROR;
				CLANG_WARN_UNREACHABLE_CODE = YES;
				CLANG_WARN__DUPLICATE_METHOD_MATCH = YES;
				"CODE_SIGN_IDENTITY[sdk=iphoneos*]" = "iPhone Developer";
				COPY_PHASE_STRIP = NO;
				DEBUG_INFORMATION_FORMAT = "dwarf-with-dsym";
				ENABLE_STRICT_OBJC_MSGSEND = YES;
				ENABLE_TESTABILITY = YES;
				GCC_C_LANGUAGE_STANDARD = gnu99;
				GCC_DYNAMIC_NO_PIC = NO;
				GCC_NO_COMMON_BLOCKS = YES;
				GCC_OPTIMIZATION_LEVEL = 0;
				GCC_PREPROCESSOR_DEFINITIONS = (
					"DEBUG=1",
					"$(inherited)",
				);
				GCC_SYMBOLS_PRIVATE_EXTERN = NO;
				GCC_WARN_64_TO_32_BIT_CONVERSION = YES;
				GCC_WARN_ABOUT_RETURN_TYPE = YES_ERROR;
				GCC_WARN_UNDECLARED_SELECTOR = YES;
				GCC_WARN_UNINITIALIZED_AUTOS = YES_AGGRESSIVE;
				GCC_WARN_UNUSED_FUNCTION = YES;
				GCC_WARN_UNUSED_VARIABLE = YES;
				IPHONEOS_DEPLOYMENT_TARGET = 8.4;
				MTL_ENABLE_DEBUG_INFO = YES;
				ONLY_ACTIVE_ARCH = YES;
				SDKROOT = iphoneos;
				SWIFT_OPTIMIZATION_LEVEL = "-Onone";
			};
			name = Debug;
		};
		6742B9461B8613230030424E /* Release */ = {
			isa = XCBuildConfiguration;
			buildSettings = {
				ALWAYS_SEARCH_USER_PATHS = NO;
				CLANG_CXX_LANGUAGE_STANDARD = "gnu++0x";
				CLANG_CXX_LIBRARY = "libc++";
				CLANG_ENABLE_MODULES = YES;
				CLANG_ENABLE_OBJC_ARC = YES;
				CLANG_WARN_BOOL_CONVERSION = YES;
				CLANG_WARN_CONSTANT_CONVERSION = YES;
				CLANG_WARN_DIRECT_OBJC_ISA_USAGE = YES_ERROR;
				CLANG_WARN_EMPTY_BODY = YES;
				CLANG_WARN_ENUM_CONVERSION = YES;
				CLANG_WARN_INT_CONVERSION = YES;
				CLANG_WARN_OBJC_ROOT_CLASS = YES_ERROR;
				CLANG_WARN_UNREACHABLE_CODE = YES;
				CLANG_WARN__DUPLICATE_METHOD_MATCH = YES;
				"CODE_SIGN_IDENTITY[sdk=iphoneos*]" = "iPhone Developer";
				COPY_PHASE_STRIP = NO;
				DEBUG_INFORMATION_FORMAT = "dwarf-with-dsym";
				ENABLE_NS_ASSERTIONS = NO;
				ENABLE_STRICT_OBJC_MSGSEND = YES;
				GCC_C_LANGUAGE_STANDARD = gnu99;
				GCC_NO_COMMON_BLOCKS = YES;
				GCC_WARN_64_TO_32_BIT_CONVERSION = YES;
				GCC_WARN_ABOUT_RETURN_TYPE = YES_ERROR;
				GCC_WARN_UNDECLARED_SELECTOR = YES;
				GCC_WARN_UNINITIALIZED_AUTOS = YES_AGGRESSIVE;
				GCC_WARN_UNUSED_FUNCTION = YES;
				GCC_WARN_UNUSED_VARIABLE = YES;
				IPHONEOS_DEPLOYMENT_TARGET = 8.4;
				MTL_ENABLE_DEBUG_INFO = NO;
				SDKROOT = iphoneos;
				VALIDATE_PRODUCT = YES;
			};
			name = Release;
		};
		6742B9481B8613230030424E /* Debug */ = {
			isa = XCBuildConfiguration;
			buildSettings = {
				ASSETCATALOG_COMPILER_APPICON_NAME = AppIcon;
				INFOPLIST_FILE = "Swiping Carousel/Info.plist";
				LD_RUNPATH_SEARCH_PATHS = "$(inherited) @executable_path/Frameworks";
				PRODUCT_BUNDLE_IDENTIFIER = "com.ppacie.$(PRODUCT_NAME:rfc1034identifier)";
				PRODUCT_NAME = "$(TARGET_NAME)";
				SWIFT_VERSION = 3.0;
			};
			name = Debug;
		};
		6742B9491B8613230030424E /* Release */ = {
			isa = XCBuildConfiguration;
			buildSettings = {
				ASSETCATALOG_COMPILER_APPICON_NAME = AppIcon;
				INFOPLIST_FILE = "Swiping Carousel/Info.plist";
				LD_RUNPATH_SEARCH_PATHS = "$(inherited) @executable_path/Frameworks";
				PRODUCT_BUNDLE_IDENTIFIER = "com.ppacie.$(PRODUCT_NAME:rfc1034identifier)";
				PRODUCT_NAME = "$(TARGET_NAME)";
				SWIFT_VERSION = 3.0;
			};
			name = Release;
		};
		6742B94B1B8613230030424E /* Debug */ = {
			isa = XCBuildConfiguration;
			buildSettings = {
				BUNDLE_LOADER = "$(TEST_HOST)";
				FRAMEWORK_SEARCH_PATHS = (
					"$(SDKROOT)/Developer/Library/Frameworks",
					"$(inherited)",
				);
				GCC_PREPROCESSOR_DEFINITIONS = (
					"DEBUG=1",
					"$(inherited)",
				);
				INFOPLIST_FILE = "Swiping CarouselTests/Info.plist";
				LD_RUNPATH_SEARCH_PATHS = "$(inherited) @executable_path/Frameworks @loader_path/Frameworks";
				PRODUCT_BUNDLE_IDENTIFIER = "com.ppacie.$(PRODUCT_NAME:rfc1034identifier)";
				PRODUCT_NAME = "$(TARGET_NAME)";
				SWIFT_VERSION = 3.0;
				TEST_HOST = "$(BUILT_PRODUCTS_DIR)/Swiping Carousel.app/Swiping Carousel";
			};
			name = Debug;
		};
		6742B94C1B8613230030424E /* Release */ = {
			isa = XCBuildConfiguration;
			buildSettings = {
				BUNDLE_LOADER = "$(TEST_HOST)";
				FRAMEWORK_SEARCH_PATHS = (
					"$(SDKROOT)/Developer/Library/Frameworks",
					"$(inherited)",
				);
				INFOPLIST_FILE = "Swiping CarouselTests/Info.plist";
				LD_RUNPATH_SEARCH_PATHS = "$(inherited) @executable_path/Frameworks @loader_path/Frameworks";
				PRODUCT_BUNDLE_IDENTIFIER = "com.ppacie.$(PRODUCT_NAME:rfc1034identifier)";
				PRODUCT_NAME = "$(TARGET_NAME)";
				SWIFT_VERSION = 3.0;
				TEST_HOST = "$(BUILT_PRODUCTS_DIR)/Swiping Carousel.app/Swiping Carousel";
			};
			name = Release;
		};
/* End XCBuildConfiguration section */

/* Begin XCConfigurationList section */
		6742B9231B8613230030424E /* Build configuration list for PBXProject "Swiping Carousel" */ = {
			isa = XCConfigurationList;
			buildConfigurations = (
				6742B9451B8613230030424E /* Debug */,
				6742B9461B8613230030424E /* Release */,
			);
			defaultConfigurationIsVisible = 0;
			defaultConfigurationName = Release;
		};
		6742B9471B8613230030424E /* Build configuration list for PBXNativeTarget "Swiping Carousel" */ = {
			isa = XCConfigurationList;
			buildConfigurations = (
				6742B9481B8613230030424E /* Debug */,
				6742B9491B8613230030424E /* Release */,
			);
			defaultConfigurationIsVisible = 0;
			defaultConfigurationName = Release;
		};
		6742B94A1B8613230030424E /* Build configuration list for PBXNativeTarget "Swiping CarouselTests" */ = {
			isa = XCConfigurationList;
			buildConfigurations = (
				6742B94B1B8613230030424E /* Debug */,
				6742B94C1B8613230030424E /* Release */,
			);
			defaultConfigurationIsVisible = 0;
			defaultConfigurationName = Release;
		};
/* End XCConfigurationList section */
	};
	rootObject = 6742B9201B8613230030424E /* Project object */;
}
